
Microsoft Visual Studio Solution File, Format Version 12.00
# Visual Studio Version 16
VisualStudioVersion = 16.0.31129.286
MinimumVisualStudioVersion = 10.0.40219.1
Project("{FAE04EC0-301F-11D3-BF4B-00C04F79EFBC}") = "WpfAlapok", "WpfAlapok\WpfAlapok.csproj", "{D5BE5011-E1EB-48D8-AC2F-51B4C0562697}"
EndProject
Project("{FAE04EC0-301F-11D3-BF4B-00C04F79EFBC}") = "WpfAlapok2", "WpfAlapok2\WpfAlapok2.csproj", "{BA16E605-12A4-422F-AE69-891BD08EBFAA}"
EndProject
Project("{FAE04EC0-301F-11D3-BF4B-00C04F79EFBC}") = "WpfAppKontenerek", "WpfAppKontenerek\WpfAppKontenerek.csproj", "{AF1F66E6-2DAE-4942-B30A-08AA400BB714}"
EndProject
Global
	GlobalSection(SolutionConfigurationPlatforms) = preSolution
		Debug|Any CPU = Debug|Any CPU
		Release|Any CPU = Release|Any CPU
	EndGlobalSection
	GlobalSection(ProjectConfigurationPlatforms) = postSolution
		{D5BE5011-E1EB-48D8-AC2F-51B4C0562697}.Debug|Any CPU.ActiveCfg = Debug|Any CPU
		{D5BE5011-E1EB-48D8-AC2F-51B4C0562697}.Debug|Any CPU.Build.0 = Debug|Any CPU
		{D5BE5011-E1EB-48D8-AC2F-51B4C0562697}.Release|Any CPU.ActiveCfg = Release|Any CPU
		{D5BE5011-E1EB-48D8-AC2F-51B4C0562697}.Release|Any CPU.Build.0 = Release|Any CPU
		{BA16E605-12A4-422F-AE69-891BD08EBFAA}.Debug|Any CPU.ActiveCfg = Debug|Any CPU
		{BA16E605-12A4-422F-AE69-891BD08EBFAA}.Debug|Any CPU.Build.0 = Debug|Any CPU
		{BA16E605-12A4-422F-AE69-891BD08EBFAA}.Release|Any CPU.ActiveCfg = Release|Any CPU
		{BA16E605-12A4-422F-AE69-891BD08EBFAA}.Release|Any CPU.Build.0 = Release|Any CPU
		{AF1F66E6-2DAE-4942-B30A-08AA400BB714}.Debug|Any CPU.ActiveCfg = Debug|Any CPU
		{AF1F66E6-2DAE-4942-B30A-08AA400BB714}.Debug|Any CPU.Build.0 = Debug|Any CPU
		{AF1F66E6-2DAE-4942-B30A-08AA400BB714}.Release|Any CPU.ActiveCfg = Release|Any CPU
		{AF1F66E6-2DAE-4942-B30A-08AA400BB714}.Release|Any CPU.Build.0 = Release|Any CPU
	EndGlobalSection
	GlobalSection(SolutionProperties) = preSolution
		HideSolutionNode = FALSE
	EndGlobalSection
	GlobalSection(ExtensibilityGlobals) = postSolution
		SolutionGuid = {F30D9FF4-2827-4412-A51D-D86D3842B7FD}
	EndGlobalSection
EndGlobal
