
Microsoft Visual Studio Solution File, Format Version 12.00
# Visual Studio Version 16
VisualStudioVersion = 16.0.31129.286
MinimumVisualStudioVersion = 10.0.40219.1
Project("{FAE04EC0-301F-11D3-BF4B-00C04F79EFBC}") = "WpfTextbox", "WpfTextbox\WpfTextbox.csproj", "{9864F556-7492-404C-B060-C5BE88AEBC60}"
EndProject
Global
	GlobalSection(SolutionConfigurationPlatforms) = preSolution
		Debug|Any CPU = Debug|Any CPU
		Release|Any CPU = Release|Any CPU
	EndGlobalSection
	GlobalSection(ProjectConfigurationPlatforms) = postSolution
		{9864F556-7492-404C-B060-C5BE88AEBC60}.Debug|Any CPU.ActiveCfg = Debug|Any CPU
		{9864F556-7492-404C-B060-C5BE88AEBC60}.Debug|Any CPU.Build.0 = Debug|Any CPU
		{9864F556-7492-404C-B060-C5BE88AEBC60}.Release|Any CPU.ActiveCfg = Release|Any CPU
		{9864F556-7492-404C-B060-C5BE88AEBC60}.Release|Any CPU.Build.0 = Release|Any CPU
	EndGlobalSection
	GlobalSection(SolutionProperties) = preSolution
		HideSolutionNode = FALSE
	EndGlobalSection
	GlobalSection(ExtensibilityGlobals) = postSolution
		SolutionGuid = {59B684DD-79F3-4F14-9528-F462322F2B72}
	EndGlobalSection
EndGlobal
