
Microsoft Visual Studio Solution File, Format Version 12.00
# Visual Studio 15
VisualStudioVersion = 15.0.28307.960
MinimumVisualStudioVersion = 10.0.40219.1
Project("{FAE04EC0-301F-11D3-BF4B-00C04F79EFBC}") = "Ciklus_gyakorlas", "Ciklus_gyakorlas\Ciklus_gyakorlas.csproj", "{5023404E-983E-43AA-AC25-4D169133B703}"
EndProject
Global
	GlobalSection(SolutionConfigurationPlatforms) = preSolution
		Debug|Any CPU = Debug|Any CPU
		Release|Any CPU = Release|Any CPU
	EndGlobalSection
	GlobalSection(ProjectConfigurationPlatforms) = postSolution
		{5023404E-983E-43AA-AC25-4D169133B703}.Debug|Any CPU.ActiveCfg = Debug|Any CPU
		{5023404E-983E-43AA-AC25-4D169133B703}.Debug|Any CPU.Build.0 = Debug|Any CPU
		{5023404E-983E-43AA-AC25-4D169133B703}.Release|Any CPU.ActiveCfg = Release|Any CPU
		{5023404E-983E-43AA-AC25-4D169133B703}.Release|Any CPU.Build.0 = Release|Any CPU
	EndGlobalSection
	GlobalSection(SolutionProperties) = preSolution
		HideSolutionNode = FALSE
	EndGlobalSection
	GlobalSection(ExtensibilityGlobals) = postSolution
		SolutionGuid = {67E0D8B2-916D-44F9-B2F0-5C8EABE9D792}
	EndGlobalSection
EndGlobal
