
Microsoft Visual Studio Solution File, Format Version 12.00
# Visual Studio 15
VisualStudioVersion = 15.0.28307.960
MinimumVisualStudioVersion = 10.0.40219.1
Project("{FAE04EC0-301F-11D3-BF4B-00C04F79EFBC}") = "WpfNobel", "WpfNobel\WpfNobel.csproj", "{2E4F8D0B-3C7A-4256-949F-35E00DF38BAB}"
EndProject
Global
	GlobalSection(SolutionConfigurationPlatforms) = preSolution
		Debug|Any CPU = Debug|Any CPU
		Release|Any CPU = Release|Any CPU
	EndGlobalSection
	GlobalSection(ProjectConfigurationPlatforms) = postSolution
		{2E4F8D0B-3C7A-4256-949F-35E00DF38BAB}.Debug|Any CPU.ActiveCfg = Debug|Any CPU
		{2E4F8D0B-3C7A-4256-949F-35E00DF38BAB}.Debug|Any CPU.Build.0 = Debug|Any CPU
		{2E4F8D0B-3C7A-4256-949F-35E00DF38BAB}.Release|Any CPU.ActiveCfg = Release|Any CPU
		{2E4F8D0B-3C7A-4256-949F-35E00DF38BAB}.Release|Any CPU.Build.0 = Release|Any CPU
	EndGlobalSection
	GlobalSection(SolutionProperties) = preSolution
		HideSolutionNode = FALSE
	EndGlobalSection
	GlobalSection(ExtensibilityGlobals) = postSolution
		SolutionGuid = {C969B05F-058F-452A-BD4B-C9A227EF8276}
	EndGlobalSection
EndGlobal
