
Microsoft Visual Studio Solution File, Format Version 12.00
# Visual Studio Version 16
VisualStudioVersion = 16.0.31129.286
MinimumVisualStudioVersion = 10.0.40219.1
Project("{FAE04EC0-301F-11D3-BF4B-00C04F79EFBC}") = "WinFormsAlap", "WinFormsAlap\WinFormsAlap.csproj", "{A15EF2DB-34D7-4F8B-A4DF-54063EFA2E4F}"
EndProject
Global
	GlobalSection(SolutionConfigurationPlatforms) = preSolution
		Debug|Any CPU = Debug|Any CPU
		Release|Any CPU = Release|Any CPU
	EndGlobalSection
	GlobalSection(ProjectConfigurationPlatforms) = postSolution
		{A15EF2DB-34D7-4F8B-A4DF-54063EFA2E4F}.Debug|Any CPU.ActiveCfg = Debug|Any CPU
		{A15EF2DB-34D7-4F8B-A4DF-54063EFA2E4F}.Debug|Any CPU.Build.0 = Debug|Any CPU
		{A15EF2DB-34D7-4F8B-A4DF-54063EFA2E4F}.Release|Any CPU.ActiveCfg = Release|Any CPU
		{A15EF2DB-34D7-4F8B-A4DF-54063EFA2E4F}.Release|Any CPU.Build.0 = Release|Any CPU
	EndGlobalSection
	GlobalSection(SolutionProperties) = preSolution
		HideSolutionNode = FALSE
	EndGlobalSection
	GlobalSection(ExtensibilityGlobals) = postSolution
		SolutionGuid = {194E945F-035B-4941-9CA5-7BC52001323B}
	EndGlobalSection
EndGlobal
