
Microsoft Visual Studio Solution File, Format Version 12.00
# Visual Studio Version 16
VisualStudioVersion = 16.0.31025.194
MinimumVisualStudioVersion = 10.0.40219.1
Project("{FAE04EC0-301F-11D3-BF4B-00C04F79EFBC}") = "Alapmuveletek", "Alapmuveletek\Alapmuveletek.csproj", "{868657F5-9123-4F3E-9292-1315EA657414}"
EndProject
Project("{FAE04EC0-301F-11D3-BF4B-00C04F79EFBC}") = "AlapmuveletekTest", "AlapmuveletekTest\AlapmuveletekTest.csproj", "{7C2692DE-5567-41CB-B441-F02729162F52}"
EndProject
Project("{FAE04EC0-301F-11D3-BF4B-00C04F79EFBC}") = "NunitAlapmuveletekTest", "NunitAlapmuveletekTest\NunitAlapmuveletekTest.csproj", "{FDFDFD4E-45C7-4009-BD91-4446A964F528}"
EndProject
Global
	GlobalSection(SolutionConfigurationPlatforms) = preSolution
		Debug|Any CPU = Debug|Any CPU
		Release|Any CPU = Release|Any CPU
	EndGlobalSection
	GlobalSection(ProjectConfigurationPlatforms) = postSolution
		{868657F5-9123-4F3E-9292-1315EA657414}.Debug|Any CPU.ActiveCfg = Debug|Any CPU
		{868657F5-9123-4F3E-9292-1315EA657414}.Debug|Any CPU.Build.0 = Debug|Any CPU
		{868657F5-9123-4F3E-9292-1315EA657414}.Release|Any CPU.ActiveCfg = Release|Any CPU
		{868657F5-9123-4F3E-9292-1315EA657414}.Release|Any CPU.Build.0 = Release|Any CPU
		{7C2692DE-5567-41CB-B441-F02729162F52}.Debug|Any CPU.ActiveCfg = Debug|Any CPU
		{7C2692DE-5567-41CB-B441-F02729162F52}.Debug|Any CPU.Build.0 = Debug|Any CPU
		{7C2692DE-5567-41CB-B441-F02729162F52}.Release|Any CPU.ActiveCfg = Release|Any CPU
		{7C2692DE-5567-41CB-B441-F02729162F52}.Release|Any CPU.Build.0 = Release|Any CPU
		{FDFDFD4E-45C7-4009-BD91-4446A964F528}.Debug|Any CPU.ActiveCfg = Debug|Any CPU
		{FDFDFD4E-45C7-4009-BD91-4446A964F528}.Debug|Any CPU.Build.0 = Debug|Any CPU
		{FDFDFD4E-45C7-4009-BD91-4446A964F528}.Release|Any CPU.ActiveCfg = Release|Any CPU
		{FDFDFD4E-45C7-4009-BD91-4446A964F528}.Release|Any CPU.Build.0 = Release|Any CPU
	EndGlobalSection
	GlobalSection(SolutionProperties) = preSolution
		HideSolutionNode = FALSE
	EndGlobalSection
	GlobalSection(ExtensibilityGlobals) = postSolution
		SolutionGuid = {5FDE1603-4321-4520-A491-8E07EF9E6CC3}
	EndGlobalSection
EndGlobal
