
Microsoft Visual Studio Solution File, Format Version 12.00
# Visual Studio Version 16
VisualStudioVersion = 16.0.30907.101
MinimumVisualStudioVersion = 10.0.40219.1
Project("{FAE04EC0-301F-11D3-BF4B-00C04F79EFBC}") = "Listak", "Listak\Listak.csproj", "{F7D22F44-8142-425A-80F3-BF5FEF6454BF}"
EndProject
Project("{FAE04EC0-301F-11D3-BF4B-00C04F79EFBC}") = "RandomLista", "RandomLista\RandomLista.csproj", "{49619FA3-B248-488B-9502-B2FF228D455D}"
EndProject
Global
	GlobalSection(SolutionConfigurationPlatforms) = preSolution
		Debug|Any CPU = Debug|Any CPU
		Release|Any CPU = Release|Any CPU
	EndGlobalSection
	GlobalSection(ProjectConfigurationPlatforms) = postSolution
		{F7D22F44-8142-425A-80F3-BF5FEF6454BF}.Debug|Any CPU.ActiveCfg = Debug|Any CPU
		{F7D22F44-8142-425A-80F3-BF5FEF6454BF}.Debug|Any CPU.Build.0 = Debug|Any CPU
		{F7D22F44-8142-425A-80F3-BF5FEF6454BF}.Release|Any CPU.ActiveCfg = Release|Any CPU
		{F7D22F44-8142-425A-80F3-BF5FEF6454BF}.Release|Any CPU.Build.0 = Release|Any CPU
		{49619FA3-B248-488B-9502-B2FF228D455D}.Debug|Any CPU.ActiveCfg = Debug|Any CPU
		{49619FA3-B248-488B-9502-B2FF228D455D}.Debug|Any CPU.Build.0 = Debug|Any CPU
		{49619FA3-B248-488B-9502-B2FF228D455D}.Release|Any CPU.ActiveCfg = Release|Any CPU
		{49619FA3-B248-488B-9502-B2FF228D455D}.Release|Any CPU.Build.0 = Release|Any CPU
	EndGlobalSection
	GlobalSection(SolutionProperties) = preSolution
		HideSolutionNode = FALSE
	EndGlobalSection
	GlobalSection(ExtensibilityGlobals) = postSolution
		SolutionGuid = {19AC0742-E505-427C-A680-F44B37B25803}
	EndGlobalSection
EndGlobal
