
Microsoft Visual Studio Solution File, Format Version 12.00
# Visual Studio Version 16
VisualStudioVersion = 16.0.31112.23
MinimumVisualStudioVersion = 10.0.40219.1
Project("{FAE04EC0-301F-11D3-BF4B-00C04F79EFBC}") = "Snooker", "Snooker\Snooker.csproj", "{F68E1A66-0FE4-4020-B39C-3F77824F83D5}"
EndProject
Global
	GlobalSection(SolutionConfigurationPlatforms) = preSolution
		Debug|Any CPU = Debug|Any CPU
		Release|Any CPU = Release|Any CPU
	EndGlobalSection
	GlobalSection(ProjectConfigurationPlatforms) = postSolution
		{F68E1A66-0FE4-4020-B39C-3F77824F83D5}.Debug|Any CPU.ActiveCfg = Debug|Any CPU
		{F68E1A66-0FE4-4020-B39C-3F77824F83D5}.Debug|Any CPU.Build.0 = Debug|Any CPU
		{F68E1A66-0FE4-4020-B39C-3F77824F83D5}.Release|Any CPU.ActiveCfg = Release|Any CPU
		{F68E1A66-0FE4-4020-B39C-3F77824F83D5}.Release|Any CPU.Build.0 = Release|Any CPU
	EndGlobalSection
	GlobalSection(SolutionProperties) = preSolution
		HideSolutionNode = FALSE
	EndGlobalSection
	GlobalSection(ExtensibilityGlobals) = postSolution
		SolutionGuid = {14AC69CC-6D11-4AA7-ABBD-6F415DBB768A}
	EndGlobalSection
EndGlobal
