
Microsoft Visual Studio Solution File, Format Version 12.00
# Visual Studio Version 16
VisualStudioVersion = 16.0.31129.286
MinimumVisualStudioVersion = 10.0.40219.1
Project("{FAE04EC0-301F-11D3-BF4B-00C04F79EFBC}") = "ConsoleHianyzas", "ConsoleHianyzas\ConsoleHianyzas.csproj", "{B97C4DF7-5C1D-429E-9BE8-12D01BEE4B58}"
EndProject
Global
	GlobalSection(SolutionConfigurationPlatforms) = preSolution
		Debug|Any CPU = Debug|Any CPU
		Release|Any CPU = Release|Any CPU
	EndGlobalSection
	GlobalSection(ProjectConfigurationPlatforms) = postSolution
		{B97C4DF7-5C1D-429E-9BE8-12D01BEE4B58}.Debug|Any CPU.ActiveCfg = Debug|Any CPU
		{B97C4DF7-5C1D-429E-9BE8-12D01BEE4B58}.Debug|Any CPU.Build.0 = Debug|Any CPU
		{B97C4DF7-5C1D-429E-9BE8-12D01BEE4B58}.Release|Any CPU.ActiveCfg = Release|Any CPU
		{B97C4DF7-5C1D-429E-9BE8-12D01BEE4B58}.Release|Any CPU.Build.0 = Release|Any CPU
	EndGlobalSection
	GlobalSection(SolutionProperties) = preSolution
		HideSolutionNode = FALSE
	EndGlobalSection
	GlobalSection(ExtensibilityGlobals) = postSolution
		SolutionGuid = {4A4A8958-3DE2-4E4C-A8EA-E28C18DB877D}
	EndGlobalSection
EndGlobal
