
Microsoft Visual Studio Solution File, Format Version 12.00
# Visual Studio Version 16
VisualStudioVersion = 16.0.31129.286
MinimumVisualStudioVersion = 10.0.40219.1
Project("{FAE04EC0-301F-11D3-BF4B-00C04F79EFBC}") = "WpfPilotak", "WpfPilotak\WpfPilotak.csproj", "{4190DEF1-B108-4491-8965-54103BEB5342}"
EndProject
Global
	GlobalSection(SolutionConfigurationPlatforms) = preSolution
		Debug|Any CPU = Debug|Any CPU
		Release|Any CPU = Release|Any CPU
	EndGlobalSection
	GlobalSection(ProjectConfigurationPlatforms) = postSolution
		{4190DEF1-B108-4491-8965-54103BEB5342}.Debug|Any CPU.ActiveCfg = Debug|Any CPU
		{4190DEF1-B108-4491-8965-54103BEB5342}.Debug|Any CPU.Build.0 = Debug|Any CPU
		{4190DEF1-B108-4491-8965-54103BEB5342}.Release|Any CPU.ActiveCfg = Release|Any CPU
		{4190DEF1-B108-4491-8965-54103BEB5342}.Release|Any CPU.Build.0 = Release|Any CPU
	EndGlobalSection
	GlobalSection(SolutionProperties) = preSolution
		HideSolutionNode = FALSE
	EndGlobalSection
	GlobalSection(ExtensibilityGlobals) = postSolution
		SolutionGuid = {DFB3DD2C-31F5-4462-ACBD-9061A39E2EFA}
	EndGlobalSection
EndGlobal
