
Microsoft Visual Studio Solution File, Format Version 12.00
# Visual Studio Version 16
VisualStudioVersion = 16.0.30907.101
MinimumVisualStudioVersion = 10.0.40219.1
Project("{FAE04EC0-301F-11D3-BF4B-00C04F79EFBC}") = "Fuggvenyek", "Fuggvenyek\Fuggvenyek.csproj", "{A18DA844-0359-410B-B744-5FEE3EFA8EE4}"
EndProject
Project("{FAE04EC0-301F-11D3-BF4B-00C04F79EFBC}") = "Fuggveny_generalas", "Fuggveny_generalas\Fuggveny_generalas.csproj", "{6270F640-430B-454E-95E1-953A7B59FAE2}"
EndProject
Global
	GlobalSection(SolutionConfigurationPlatforms) = preSolution
		Debug|Any CPU = Debug|Any CPU
		Release|Any CPU = Release|Any CPU
	EndGlobalSection
	GlobalSection(ProjectConfigurationPlatforms) = postSolution
		{A18DA844-0359-410B-B744-5FEE3EFA8EE4}.Debug|Any CPU.ActiveCfg = Debug|Any CPU
		{A18DA844-0359-410B-B744-5FEE3EFA8EE4}.Debug|Any CPU.Build.0 = Debug|Any CPU
		{A18DA844-0359-410B-B744-5FEE3EFA8EE4}.Release|Any CPU.ActiveCfg = Release|Any CPU
		{A18DA844-0359-410B-B744-5FEE3EFA8EE4}.Release|Any CPU.Build.0 = Release|Any CPU
		{6270F640-430B-454E-95E1-953A7B59FAE2}.Debug|Any CPU.ActiveCfg = Debug|Any CPU
		{6270F640-430B-454E-95E1-953A7B59FAE2}.Debug|Any CPU.Build.0 = Debug|Any CPU
		{6270F640-430B-454E-95E1-953A7B59FAE2}.Release|Any CPU.ActiveCfg = Release|Any CPU
		{6270F640-430B-454E-95E1-953A7B59FAE2}.Release|Any CPU.Build.0 = Release|Any CPU
	EndGlobalSection
	GlobalSection(SolutionProperties) = preSolution
		HideSolutionNode = FALSE
	EndGlobalSection
	GlobalSection(ExtensibilityGlobals) = postSolution
		SolutionGuid = {F710D1DC-F041-4E5F-9A10-CBFC415924ED}
	EndGlobalSection
EndGlobal
