
Microsoft Visual Studio Solution File, Format Version 12.00
# Visual Studio Version 16
VisualStudioVersion = 16.0.31025.194
MinimumVisualStudioVersion = 10.0.40219.1
Project("{FAE04EC0-301F-11D3-BF4B-00C04F79EFBC}") = "Oroklodes", "Oroklodes\Oroklodes.csproj", "{A64AB49C-71C1-4E4A-9558-229E696BE63F}"
EndProject
Global
	GlobalSection(SolutionConfigurationPlatforms) = preSolution
		Debug|Any CPU = Debug|Any CPU
		Release|Any CPU = Release|Any CPU
	EndGlobalSection
	GlobalSection(ProjectConfigurationPlatforms) = postSolution
		{A64AB49C-71C1-4E4A-9558-229E696BE63F}.Debug|Any CPU.ActiveCfg = Debug|Any CPU
		{A64AB49C-71C1-4E4A-9558-229E696BE63F}.Debug|Any CPU.Build.0 = Debug|Any CPU
		{A64AB49C-71C1-4E4A-9558-229E696BE63F}.Release|Any CPU.ActiveCfg = Release|Any CPU
		{A64AB49C-71C1-4E4A-9558-229E696BE63F}.Release|Any CPU.Build.0 = Release|Any CPU
	EndGlobalSection
	GlobalSection(SolutionProperties) = preSolution
		HideSolutionNode = FALSE
	EndGlobalSection
	GlobalSection(ExtensibilityGlobals) = postSolution
		SolutionGuid = {29AA171A-3034-4456-A5AA-EF141642FADA}
	EndGlobalSection
EndGlobal
